
Microsoft Visual Studio Solution File, Format Version 12.00
# Visual Studio Version 16
VisualStudioVersion = 16.0.31829.152
MinimumVisualStudioVersion = 10.0.40219.1
Project("{FAE04EC0-301F-11D3-BF4B-00C04F79EFBC}") = "JSONDownload", "JSONDownload\JSONDownload.csproj", "{B5E5D709-EF1F-457E-8E18-F14722254AEE}"
EndProject
Global
	GlobalSection(SolutionConfigurationPlatforms) = preSolution
		Debug|Any CPU = Debug|Any CPU
		Release|Any CPU = Release|Any CPU
	EndGlobalSection
	GlobalSection(ProjectConfigurationPlatforms) = postSolution
		{B5E5D709-EF1F-457E-8E18-F14722254AEE}.Debug|Any CPU.ActiveCfg = Debug|Any CPU
		{B5E5D709-EF1F-457E-8E18-F14722254AEE}.Debug|Any CPU.Build.0 = Debug|Any CPU
		{B5E5D709-EF1F-457E-8E18-F14722254AEE}.Release|Any CPU.ActiveCfg = Release|Any CPU
		{B5E5D709-EF1F-457E-8E18-F14722254AEE}.Release|Any CPU.Build.0 = Release|Any CPU
	EndGlobalSection
	GlobalSection(SolutionProperties) = preSolution
		HideSolutionNode = FALSE
	EndGlobalSection
	GlobalSection(ExtensibilityGlobals) = postSolution
		SolutionGuid = {2144023D-382E-4304-8BEA-11033ACA8835}
	EndGlobalSection
EndGlobal
