
Microsoft Visual Studio Solution File, Format Version 12.00
# Visual Studio Version 16
VisualStudioVersion = 16.0.31829.152
MinimumVisualStudioVersion = 10.0.40219.1
Project("{FAE04EC0-301F-11D3-BF4B-00C04F79EFBC}") = "challenge3", "challenge3\challenge3.csproj", "{074445D2-BCF0-4B68-AACC-137A7CD974BE}"
EndProject
Global
	GlobalSection(SolutionConfigurationPlatforms) = preSolution
		Debug|Any CPU = Debug|Any CPU
		Release|Any CPU = Release|Any CPU
	EndGlobalSection
	GlobalSection(ProjectConfigurationPlatforms) = postSolution
		{074445D2-BCF0-4B68-AACC-137A7CD974BE}.Debug|Any CPU.ActiveCfg = Debug|Any CPU
		{074445D2-BCF0-4B68-AACC-137A7CD974BE}.Debug|Any CPU.Build.0 = Debug|Any CPU
		{074445D2-BCF0-4B68-AACC-137A7CD974BE}.Release|Any CPU.ActiveCfg = Release|Any CPU
		{074445D2-BCF0-4B68-AACC-137A7CD974BE}.Release|Any CPU.Build.0 = Release|Any CPU
	EndGlobalSection
	GlobalSection(SolutionProperties) = preSolution
		HideSolutionNode = FALSE
	EndGlobalSection
	GlobalSection(ExtensibilityGlobals) = postSolution
		SolutionGuid = {6C1A9327-634F-4065-91CF-1AEA865DA626}
	EndGlobalSection
EndGlobal
